
Microsoft Visual Studio Solution File, Format Version 12.00
Project("{FAE04EC0-301F-11D3-BF4B-00C04F79EFBC}") = "Speak.Web", "Speak.Web\Speak.Web.csproj", "{FE6DC957-5B8B-4A06-BFB1-389F515C1EEB}"
EndProject
Project("{FAE04EC0-301F-11D3-BF4B-00C04F79EFBC}") = "Speak.Telegram.Bot", "Speak.Telegram.Bot\Speak.Telegram.Bot.csproj", "{FF1076CF-12FA-4746-9909-C3B34A34228F}"
EndProject
Project("{FAE04EC0-301F-11D3-BF4B-00C04F79EFBC}") = "Speak.WebRtc", "Speak.WebRtc\Speak.WebRtc.csproj", "{1E1A4373-ACA1-4E9B-B09D-0C9D376EBFA0}"
EndProject
Project("{FAE04EC0-301F-11D3-BF4B-00C04F79EFBC}") = "Speak.Telegram.Bot.Tests", "Speak.Telegram.Bot.Tests\Speak.Telegram.Bot.Tests.csproj", "{BDE2631D-8E77-49D3-8A05-96798D3114CE}"
EndProject
Project("{FAE04EC0-301F-11D3-BF4B-00C04F79EFBC}") = "Speak.Telegram.CutieFeature", "Speak.Telegram.CutieFeature\Speak.Telegram.CutieFeature.csproj", "{BCC0F833-6A9A-4A23-B4D7-C79739A8E51B}"
EndProject
Project("{2150E333-8FDC-42A3-9474-1A3956D46DE8}") = "Telegram", "Telegram", "{5AAB4C2A-5648-4353-B803-436B421CCF3D}"
EndProject
Project("{FAE04EC0-301F-11D3-BF4B-00C04F79EFBC}") = "Speak.Telegram.PepeFeature", "Speak.Telegram.PepeFeature\Speak.Telegram.PepeFeature.csproj", "{EA64F4FB-0C6B-4C9E-803C-EBB4446FDAD5}"
EndProject
Project("{FAE04EC0-301F-11D3-BF4B-00C04F79EFBC}") = "Speak.Telegram.CommonContracts", "Speak.Telegram.CommonContracts\Speak.Telegram.CommonContracts.csproj", "{F77F3E80-BF82-449B-84C0-6C8B03BF55E5}"
EndProject
Project("{FAE04EC0-301F-11D3-BF4B-00C04F79EFBC}") = "Speak.Telegram.Postgres", "Speak.Telegram.Postgres\Speak.Telegram.Postgres.csproj", "{FFDB40FC-78BB-496F-895A-6C0A619C225C}"
EndProject
Project("{FAE04EC0-301F-11D3-BF4B-00C04F79EFBC}") = "Speak.Telegram.CutieFeature.Contracts", "Speak.Telegram.CutieFeature.Contracts\Speak.Telegram.CutieFeature.Contracts.csproj", "{10F1DDDF-4F47-4E68-BC9C-DC9CFF8135D5}"
EndProject
Project("{FAE04EC0-301F-11D3-BF4B-00C04F79EFBC}") = "Speak.Telegram.ChatMigrationFeature", "Speak.Telegram.ChatMigrationFeature\Speak.Telegram.ChatMigrationFeature.csproj", "{AF0D0B8F-3DB4-4100-984D-FE7BC41B2284}"
EndProject
Project("{FAE04EC0-301F-11D3-BF4B-00C04F79EFBC}") = "Speak.Telegram.ChatMigrationFeatureContracts", "Speak.Telegram.ChatMigrationFeatureContracts\Speak.Telegram.ChatMigrationFeatureContracts.csproj", "{69125E4D-81DC-452F-B2D0-8167CFB48663}"
EndProject
Project("{FAE04EC0-301F-11D3-BF4B-00C04F79EFBC}") = "Speak.Telegram.MusicQuizFeature", "Speak.Telegram.MusicQuizFeature\Speak.Telegram.MusicQuizFeature.csproj", "{80C0AC80-0D1E-451F-BBFB-FF776C33B725}"
EndProject
Project("{FAE04EC0-301F-11D3-BF4B-00C04F79EFBC}") = "Speak.Telegram.MusicQuizFeatureContracts", "Speak.Telegram.MusicQuizFeatureContracts\Speak.Telegram.MusicQuizFeatureContracts.csproj", "{1AE264CC-9187-41F0-B7A5-86267973C2EA}"
EndProject
Project("{2150E333-8FDC-42A3-9474-1A3956D46DE8}") = "Features", "Features", "{5BB12285-31E4-49E7-A365-E25E41F73045}"
EndProject
Project("{FAE04EC0-301F-11D3-BF4B-00C04F79EFBC}") = "Speak.Telegram.Audio", "Speak.Telegram.Audio\Speak.Telegram.Audio.csproj", "{AC87230D-C324-4996-98AE-AF492D16DE61}"
EndProject
Project("{FAE04EC0-301F-11D3-BF4B-00C04F79EFBC}") = "Speak.Telegram.AudioContracts", "Speak.Telegram.AudioContracts\Speak.Telegram.AudioContracts.csproj", "{9B7A2D7C-5A30-4877-AA22-26C8F863AEF7}"
EndProject
Project("{FAE04EC0-301F-11D3-BF4B-00C04F79EFBC}") = "Speak.Extensions", "Speak.Extensions\Speak.Extensions.csproj", "{22CC450E-81AE-416B-A23A-F4C51C8366B5}"
EndProject
Global
	GlobalSection(SolutionConfigurationPlatforms) = preSolution
		Debug|Any CPU = Debug|Any CPU
		Release|Any CPU = Release|Any CPU
	EndGlobalSection
	GlobalSection(ProjectConfigurationPlatforms) = postSolution
		{FE6DC957-5B8B-4A06-BFB1-389F515C1EEB}.Debug|Any CPU.ActiveCfg = Debug|Any CPU
		{FE6DC957-5B8B-4A06-BFB1-389F515C1EEB}.Debug|Any CPU.Build.0 = Debug|Any CPU
		{FE6DC957-5B8B-4A06-BFB1-389F515C1EEB}.Release|Any CPU.ActiveCfg = Release|Any CPU
		{FE6DC957-5B8B-4A06-BFB1-389F515C1EEB}.Release|Any CPU.Build.0 = Release|Any CPU
		{FF1076CF-12FA-4746-9909-C3B34A34228F}.Debug|Any CPU.ActiveCfg = Debug|Any CPU
		{FF1076CF-12FA-4746-9909-C3B34A34228F}.Debug|Any CPU.Build.0 = Debug|Any CPU
		{FF1076CF-12FA-4746-9909-C3B34A34228F}.Release|Any CPU.ActiveCfg = Release|Any CPU
		{FF1076CF-12FA-4746-9909-C3B34A34228F}.Release|Any CPU.Build.0 = Release|Any CPU
		{1E1A4373-ACA1-4E9B-B09D-0C9D376EBFA0}.Debug|Any CPU.ActiveCfg = Debug|Any CPU
		{1E1A4373-ACA1-4E9B-B09D-0C9D376EBFA0}.Debug|Any CPU.Build.0 = Debug|Any CPU
		{1E1A4373-ACA1-4E9B-B09D-0C9D376EBFA0}.Release|Any CPU.ActiveCfg = Release|Any CPU
		{1E1A4373-ACA1-4E9B-B09D-0C9D376EBFA0}.Release|Any CPU.Build.0 = Release|Any CPU
		{BDE2631D-8E77-49D3-8A05-96798D3114CE}.Debug|Any CPU.ActiveCfg = Debug|Any CPU
		{BDE2631D-8E77-49D3-8A05-96798D3114CE}.Debug|Any CPU.Build.0 = Debug|Any CPU
		{BDE2631D-8E77-49D3-8A05-96798D3114CE}.Release|Any CPU.ActiveCfg = Release|Any CPU
		{BDE2631D-8E77-49D3-8A05-96798D3114CE}.Release|Any CPU.Build.0 = Release|Any CPU
		{BCC0F833-6A9A-4A23-B4D7-C79739A8E51B}.Debug|Any CPU.ActiveCfg = Debug|Any CPU
		{BCC0F833-6A9A-4A23-B4D7-C79739A8E51B}.Debug|Any CPU.Build.0 = Debug|Any CPU
		{BCC0F833-6A9A-4A23-B4D7-C79739A8E51B}.Release|Any CPU.ActiveCfg = Release|Any CPU
		{BCC0F833-6A9A-4A23-B4D7-C79739A8E51B}.Release|Any CPU.Build.0 = Release|Any CPU
		{EA64F4FB-0C6B-4C9E-803C-EBB4446FDAD5}.Debug|Any CPU.ActiveCfg = Debug|Any CPU
		{EA64F4FB-0C6B-4C9E-803C-EBB4446FDAD5}.Debug|Any CPU.Build.0 = Debug|Any CPU
		{EA64F4FB-0C6B-4C9E-803C-EBB4446FDAD5}.Release|Any CPU.ActiveCfg = Release|Any CPU
		{EA64F4FB-0C6B-4C9E-803C-EBB4446FDAD5}.Release|Any CPU.Build.0 = Release|Any CPU
		{F77F3E80-BF82-449B-84C0-6C8B03BF55E5}.Debug|Any CPU.ActiveCfg = Debug|Any CPU
		{F77F3E80-BF82-449B-84C0-6C8B03BF55E5}.Debug|Any CPU.Build.0 = Debug|Any CPU
		{F77F3E80-BF82-449B-84C0-6C8B03BF55E5}.Release|Any CPU.ActiveCfg = Release|Any CPU
		{F77F3E80-BF82-449B-84C0-6C8B03BF55E5}.Release|Any CPU.Build.0 = Release|Any CPU
		{FFDB40FC-78BB-496F-895A-6C0A619C225C}.Debug|Any CPU.ActiveCfg = Debug|Any CPU
		{FFDB40FC-78BB-496F-895A-6C0A619C225C}.Debug|Any CPU.Build.0 = Debug|Any CPU
		{FFDB40FC-78BB-496F-895A-6C0A619C225C}.Release|Any CPU.ActiveCfg = Release|Any CPU
		{FFDB40FC-78BB-496F-895A-6C0A619C225C}.Release|Any CPU.Build.0 = Release|Any CPU
		{10F1DDDF-4F47-4E68-BC9C-DC9CFF8135D5}.Debug|Any CPU.ActiveCfg = Debug|Any CPU
		{10F1DDDF-4F47-4E68-BC9C-DC9CFF8135D5}.Debug|Any CPU.Build.0 = Debug|Any CPU
		{10F1DDDF-4F47-4E68-BC9C-DC9CFF8135D5}.Release|Any CPU.ActiveCfg = Release|Any CPU
		{10F1DDDF-4F47-4E68-BC9C-DC9CFF8135D5}.Release|Any CPU.Build.0 = Release|Any CPU
		{AF0D0B8F-3DB4-4100-984D-FE7BC41B2284}.Debug|Any CPU.ActiveCfg = Debug|Any CPU
		{AF0D0B8F-3DB4-4100-984D-FE7BC41B2284}.Debug|Any CPU.Build.0 = Debug|Any CPU
		{AF0D0B8F-3DB4-4100-984D-FE7BC41B2284}.Release|Any CPU.ActiveCfg = Release|Any CPU
		{AF0D0B8F-3DB4-4100-984D-FE7BC41B2284}.Release|Any CPU.Build.0 = Release|Any CPU
		{69125E4D-81DC-452F-B2D0-8167CFB48663}.Debug|Any CPU.ActiveCfg = Debug|Any CPU
		{69125E4D-81DC-452F-B2D0-8167CFB48663}.Debug|Any CPU.Build.0 = Debug|Any CPU
		{69125E4D-81DC-452F-B2D0-8167CFB48663}.Release|Any CPU.ActiveCfg = Release|Any CPU
		{69125E4D-81DC-452F-B2D0-8167CFB48663}.Release|Any CPU.Build.0 = Release|Any CPU
		{80C0AC80-0D1E-451F-BBFB-FF776C33B725}.Debug|Any CPU.ActiveCfg = Debug|Any CPU
		{80C0AC80-0D1E-451F-BBFB-FF776C33B725}.Debug|Any CPU.Build.0 = Debug|Any CPU
		{80C0AC80-0D1E-451F-BBFB-FF776C33B725}.Release|Any CPU.ActiveCfg = Release|Any CPU
		{80C0AC80-0D1E-451F-BBFB-FF776C33B725}.Release|Any CPU.Build.0 = Release|Any CPU
		{1AE264CC-9187-41F0-B7A5-86267973C2EA}.Debug|Any CPU.ActiveCfg = Debug|Any CPU
		{1AE264CC-9187-41F0-B7A5-86267973C2EA}.Debug|Any CPU.Build.0 = Debug|Any CPU
		{1AE264CC-9187-41F0-B7A5-86267973C2EA}.Release|Any CPU.ActiveCfg = Release|Any CPU
		{1AE264CC-9187-41F0-B7A5-86267973C2EA}.Release|Any CPU.Build.0 = Release|Any CPU
		{AC87230D-C324-4996-98AE-AF492D16DE61}.Debug|Any CPU.ActiveCfg = Debug|Any CPU
		{AC87230D-C324-4996-98AE-AF492D16DE61}.Debug|Any CPU.Build.0 = Debug|Any CPU
		{AC87230D-C324-4996-98AE-AF492D16DE61}.Release|Any CPU.ActiveCfg = Release|Any CPU
		{AC87230D-C324-4996-98AE-AF492D16DE61}.Release|Any CPU.Build.0 = Release|Any CPU
		{9B7A2D7C-5A30-4877-AA22-26C8F863AEF7}.Debug|Any CPU.ActiveCfg = Debug|Any CPU
		{9B7A2D7C-5A30-4877-AA22-26C8F863AEF7}.Debug|Any CPU.Build.0 = Debug|Any CPU
		{9B7A2D7C-5A30-4877-AA22-26C8F863AEF7}.Release|Any CPU.ActiveCfg = Release|Any CPU
		{9B7A2D7C-5A30-4877-AA22-26C8F863AEF7}.Release|Any CPU.Build.0 = Release|Any CPU
		{22CC450E-81AE-416B-A23A-F4C51C8366B5}.Debug|Any CPU.ActiveCfg = Debug|Any CPU
		{22CC450E-81AE-416B-A23A-F4C51C8366B5}.Debug|Any CPU.Build.0 = Debug|Any CPU
		{22CC450E-81AE-416B-A23A-F4C51C8366B5}.Release|Any CPU.ActiveCfg = Release|Any CPU
		{22CC450E-81AE-416B-A23A-F4C51C8366B5}.Release|Any CPU.Build.0 = Release|Any CPU
	EndGlobalSection
	GlobalSection(NestedProjects) = preSolution
		{FF1076CF-12FA-4746-9909-C3B34A34228F} = {5AAB4C2A-5648-4353-B803-436B421CCF3D}
		{BDE2631D-8E77-49D3-8A05-96798D3114CE} = {5AAB4C2A-5648-4353-B803-436B421CCF3D}
		{F77F3E80-BF82-449B-84C0-6C8B03BF55E5} = {5AAB4C2A-5648-4353-B803-436B421CCF3D}
		{FFDB40FC-78BB-496F-895A-6C0A619C225C} = {5AAB4C2A-5648-4353-B803-436B421CCF3D}
		{5BB12285-31E4-49E7-A365-E25E41F73045} = {5AAB4C2A-5648-4353-B803-436B421CCF3D}
		{BCC0F833-6A9A-4A23-B4D7-C79739A8E51B} = {5BB12285-31E4-49E7-A365-E25E41F73045}
		{10F1DDDF-4F47-4E68-BC9C-DC9CFF8135D5} = {5BB12285-31E4-49E7-A365-E25E41F73045}
		{80C0AC80-0D1E-451F-BBFB-FF776C33B725} = {5BB12285-31E4-49E7-A365-E25E41F73045}
		{1AE264CC-9187-41F0-B7A5-86267973C2EA} = {5BB12285-31E4-49E7-A365-E25E41F73045}
		{EA64F4FB-0C6B-4C9E-803C-EBB4446FDAD5} = {5BB12285-31E4-49E7-A365-E25E41F73045}
		{AF0D0B8F-3DB4-4100-984D-FE7BC41B2284} = {5BB12285-31E4-49E7-A365-E25E41F73045}
		{69125E4D-81DC-452F-B2D0-8167CFB48663} = {5BB12285-31E4-49E7-A365-E25E41F73045}
		{AC87230D-C324-4996-98AE-AF492D16DE61} = {5AAB4C2A-5648-4353-B803-436B421CCF3D}
		{9B7A2D7C-5A30-4877-AA22-26C8F863AEF7} = {5AAB4C2A-5648-4353-B803-436B421CCF3D}
	EndGlobalSection
EndGlobal
